github.com/mergermarket/go-pkcs7 v0.0.0-20170926155232-153b18ea13c9 h1:j6boLfPkcFlRVaKbc0hf5PVh3jJrdHv9n6SIPOdVKaU=
github.com/mergermarket/go-pkcs7 v0.0.0-20170926155232-153b18ea13c9/go.mod h1:GH7jtq102ZiRB7LEKgqP54akN7GOVaNpCJrDWTeWSMY=
github.com/securenative/securenative-go v0.0.0-20190819082053-9bcdcd4c4768 h1:S2VYzLlJwSakGSbdvWDKAzQqlPu6r/wHzYUqEk4PoXU=
github.com/securenative/securenative-go v0.0.0-20190819082053-9bcdcd4c4768/go.mod h1:MfKAJfG5BZyKpKnaMVRfNu9Un4TdcBFvov2qwJErcYU=
